// !$*UTF8*$!
{
	archiveVersion = 1;
	classes = {
	};
	objectVersion = 46;
	objects = {

/* Begin PBXBuildFile section */
		E2B4F43319F4B6C500CD37C8 /* AppDelegate.swift in Sources */ = {isa = PBXBuildFile; fileRef = E2B4F43219F4B6C500CD37C8 /* AppDelegate.swift */; };
		E2B4F43519F4B6C500CD37C8 /* ViewController.swift in Sources */ = {isa = PBXBuildFile; fileRef = E2B4F43419F4B6C500CD37C8 /* ViewController.swift */; };
		E2B4F43819F4B6C500CD37C8 /* Main.storyboard in Resources */ = {isa = PBXBuildFile; fileRef = E2B4F43619F4B6C500CD37C8 /* Main.storyboard */; };
		E2B4F43A19F4B6C500CD37C8 /* Images.xcassets in Resources */ = {isa = PBXBuildFile; fileRef = E2B4F43919F4B6C500CD37C8 /* Images.xcassets */; };
		E2B4F43D19F4B6C500CD37C8 /* LaunchScreen.xib in Resources */ = {isa = PBXBuildFile; fileRef = E2B4F43B19F4B6C500CD37C8 /* LaunchScreen.xib */; };
		E2B4F44919F4B6C500CD37C8 /* Postcard_2Tests.swift in Sources */ = {isa = PBXBuildFile; fileRef = E2B4F44819F4B6C500CD37C8 /* Postcard_2Tests.swift */; };
/* End PBXBuildFile section */

/* Begin PBXContainerItemProxy section */
		E2B4F44319F4B6C500CD37C8 /* PBXContainerItemProxy */ = {
			isa = PBXContainerItemProxy;
			containerPortal = E2B4F42519F4B6C500CD37C8 /* Project object */;
			proxyType = 1;
			remoteGlobalIDString = E2B4F42C19F4B6C500CD37C8;
			remoteInfo = "Postcard 2";
		};
/* End PBXContainerItemProxy section */

/* Begin PBXFileReference section */
		E2B4F42D19F4B6C500CD37C8 /* Postcard 2.app */ = {isa = PBXFileReference; explicitFileType = wrapper.application; includeInIndex = 0; path = "Postcard 2.app"; sourceTree = BUILT_PRODUCTS_DIR; };
		E2B4F43119F4B6C500CD37C8 /* Info.plist */ = {isa = PBXFileReference; lastKnownFileType = text.plist.xml; path = Info.plist; sourceTree = "<group>"; };
		E2B4F43219F4B6C500CD37C8 /* AppDelegate.swift */ = {isa = PBXFileReference; lastKnownFileType = sourcecode.swift; path = AppDelegate.swift; sourceTree = "<group>"; };
		E2B4F43419F4B6C500CD37C8 /* ViewController.swift */ = {isa = PBXFileReference; lastKnownFileType = sourcecode.swift; path = ViewController.swift; sourceTree = "<group>"; };
		E2B4F43719F4B6C500CD37C8 /* Base */ = {isa = PBXFileReference; lastKnownFileType = file.storyboard; name = Base; path = Base.lproj/Main.storyboard; sourceTree = "<group>"; };
		E2B4F43919F4B6C500CD37C8 /* Images.xcassets */ = {isa = PBXFileReference; lastKnownFileType = folder.assetcatalog; path = Images.xcassets; sourceTree = "<group>"; };
		E2B4F43C19F4B6C500CD37C8 /* Base */ = {isa = PBXFileReference; lastKnownFileType = file.xib; name = Base; path = Base.lproj/LaunchScreen.xib; sourceTree = "<group>"; };
		E2B4F44219F4B6C500CD37C8 /* Postcard 2Tests.xctest */ = {isa = PBXFileReference; explicitFileType = wrapper.cfbundle; includeInIndex = 0; path = "Postcard 2Tests.xctest"; sourceTree = BUILT_PRODUCTS_DIR; };
		E2B4F44719F4B6C500CD37C8 /* Info.plist */ = {isa = PBXFileReference; lastKnownFileType = text.plist.xml; path = Info.plist; sourceTree = "<group>"; };
		E2B4F44819F4B6C500CD37C8 /* Postcard_2Tests.swift */ = {isa = PBXFileReference; lastKnownFileType = sourcecode.swift; path = Postcard_2Tests.swift; sourceTree = "<group>"; };
/* End PBXFileReference section */

/* Begin PBXFrameworksBuildPhase section */
		E2B4F42A19F4B6C500CD37C8 /* Frameworks */ = {
			isa = PBXFrameworksBuildPhase;
			buildActionMask = 2147483647;
			files = (
			);
			runOnlyForDeploymentPostprocessing = 0;
		};
		E2B4F43F19F4B6C500CD37C8 /* Frameworks */ = {
			isa = PBXFrameworksBuildPhase;
			buildActionMask = 2147483647;
			files = (
			);
			runOnlyForDeploymentPostprocessing = 0;
		};
/* End PBXFrameworksBuildPhase section */

/* Begin PBXGroup section */
		E2B4F42419F4B6C500CD37C8 = {
			isa = PBXGroup;
			children = (
				E2B4F42F19F4B6C500CD37C8 /* Postcard 2 */,
				E2B4F44519F4B6C500CD37C8 /* Postcard 2Tests */,
				E2B4F42E19F4B6C500CD37C8 /* Products */,
			);
			sourceTree = "<group>";
		};
		E2B4F42E19F4B6C500CD37C8 /* Products */ = {
			isa = PBXGroup;
			children = (
				E2B4F42D19F4B6C500CD37C8 /* Postcard 2.app */,
				E2B4F44219F4B6C500CD37C8 /* Postcard 2Tests.xctest */,
			);
			name = Products;
			sourceTree = "<group>";
		};
		E2B4F42F19F4B6C500CD37C8 /* Postcard 2 */ = {
			isa = PBXGroup;
			children = (
				E2B4F43219F4B6C500CD37C8 /* AppDelegate.swift */,
				E2B4F43419F4B6C500CD37C8 /* ViewController.swift */,
				E2B4F43619F4B6C500CD37C8 /* Main.storyboard */,
				E2B4F43919F4B6C500CD37C8 /* Images.xcassets */,
				E2B4F43B19F4B6C500CD37C8 /* LaunchScreen.xib */,
				E2B4F43019F4B6C500CD37C8 /* Supporting Files */,
			);
			path = "Postcard 2";
			sourceTree = "<group>";
		};
		E2B4F43019F4B6C500CD37C8 /* Supporting Files */ = {
			isa = PBXGroup;
			children = (
				E2B4F43119F4B6C500CD37C8 /* Info.plist */,
			);
			name = "Supporting Files";
			sourceTree = "<group>";
		};
		E2B4F44519F4B6C500CD37C8 /* Postcard 2Tests */ = {
			isa = PBXGroup;
			children = (
				E2B4F44819F4B6C500CD37C8 /* Postcard_2Tests.swift */,
				E2B4F44619F4B6C500CD37C8 /* Supporting Files */,
			);
			path = "Postcard 2Tests";
			sourceTree = "<group>";
		};
		E2B4F44619F4B6C500CD37C8 /* Supporting Files */ = {
			isa = PBXGroup;
			children = (
				E2B4F44719F4B6C500CD37C8 /* Info.plist */,
			);
			name = "Supporting Files";
			sourceTree = "<group>";
		};
/* End PBXGroup section */

/* Begin PBXNativeTarget section */
		E2B4F42C19F4B6C500CD37C8 /* Postcard 2 */ = {
			isa = PBXNativeTarget;
			buildConfigurationList = E2B4F44C19F4B6C500CD37C8 /* Build configuration list for PBXNativeTarget "Postcard 2" */;
			buildPhases = (
				E2B4F42919F4B6C500CD37C8 /* Sources */,
				E2B4F42A19F4B6C500CD37C8 /* Frameworks */,
				E2B4F42B19F4B6C500CD37C8 /* Resources */,
			);
			buildRules = (
			);
			dependencies = (
			);
			name = "Postcard 2";
			productName = "Postcard 2";
			productReference = E2B4F42D19F4B6C500CD37C8 /* Postcard 2.app */;
			productType = "com.apple.product-type.application";
		};
		E2B4F44119F4B6C500CD37C8 /* Postcard 2Tests */ = {
			isa = PBXNativeTarget;
			buildConfigurationList = E2B4F44F19F4B6C500CD37C8 /* Build configuration list for PBXNativeTarget "Postcard 2Tests" */;
			buildPhases = (
				E2B4F43E19F4B6C500CD37C8 /* Sources */,
				E2B4F43F19F4B6C500CD37C8 /* Frameworks */,
				E2B4F44019F4B6C500CD37C8 /* Resources */,
			);
			buildRules = (
			);
			dependencies = (
				E2B4F44419F4B6C500CD37C8 /* PBXTargetDependency */,
			);
			name = "Postcard 2Tests";
			productName = "Postcard 2Tests";
			productReference = E2B4F44219F4B6C500CD37C8 /* Postcard 2Tests.xctest */;
			productType = "com.apple.product-type.bundle.unit-test";
		};
/* End PBXNativeTarget section */

/* Begin PBXProject section */
		E2B4F42519F4B6C500CD37C8 /* Project object */ = {
			isa = PBXProject;
			attributes = {
				LastUpgradeCheck = 0600;
				ORGANIZATIONNAME = "Tom Streep";
				TargetAttributes = {
					E2B4F42C19F4B6C500CD37C8 = {
						CreatedOnToolsVersion = 6.0.1;
					};
					E2B4F44119F4B6C500CD37C8 = {
						CreatedOnToolsVersion = 6.0.1;
						TestTargetID = E2B4F42C19F4B6C500CD37C8;
					};
				};
			};
			buildConfigurationList = E2B4F42819F4B6C500CD37C8 /* Build configuration list for PBXProject "Postcard 2" */;
			compatibilityVersion = "Xcode 3.2";
			developmentRegion = English;
			hasScannedForEncodings = 0;
			knownRegions = (
				en,
				Base,
			);
			mainGroup = E2B4F42419F4B6C500CD37C8;
			productRefGroup = E2B4F42E19F4B6C500CD37C8 /* Products */;
			projectDirPath = "";
			projectRoot = "";
			targets = (
				E2B4F42C19F4B6C500CD37C8 /* Postcard 2 */,
				E2B4F44119F4B6C500CD37C8 /* Postcard 2Tests */,
			);
		};
/* End PBXProject section */

/* Begin PBXResourcesBuildPhase section */
		E2B4F42B19F4B6C500CD37C8 /* Resources */ = {
			isa = PBXResourcesBuildPhase;
			buildActionMask = 2147483647;
			files = (
				E2B4F43819F4B6C500CD37C8 /* Main.storyboard in Resources */,
				E2B4F43D19F4B6C500CD37C8 /* LaunchScreen.xib in Resources */,
				E2B4F43A19F4B6C500CD37C8 /* Images.xcassets in Resources */,
			);
			runOnlyForDeploymentPostprocessing = 0;
		};
		E2B4F44019F4B6C500CD37C8 /* Resources */ = {
			isa = PBXResourcesBuildPhase;
			buildActionMask = 2147483647;
			files = (
			);
			runOnlyForDeploymentPostprocessing = 0;
		};
/* End PBXResourcesBuildPhase section */

/* Begin PBXSourcesBuildPhase section */
		E2B4F42919F4B6C500CD37C8 /* Sources */ = {
			isa = PBXSourcesBuildPhase;
			buildActionMask = 2147483647;
			files = (
				E2B4F43519F4B6C500CD37C8 /* ViewController.swift in Sources */,
				E2B4F43319F4B6C500CD37C8 /* AppDelegate.swift in Sources */,
			);
			runOnlyForDeploymentPostprocessing = 0;
		};
		E2B4F43E19F4B6C500CD37C8 /* Sources */ = {
			isa = PBXSourcesBuildPhase;
			buildActionMask = 2147483647;
			files = (
				E2B4F44919F4B6C500CD37C8 /* Postcard_2Tests.swift in Sources */,
			);
			runOnlyForDeploymentPostprocessing = 0;
		};
/* End PBXSourcesBuildPhase section */

/* Begin PBXTargetDependency section */
		E2B4F44419F4B6C500CD37C8 /* PBXTargetDependency */ = {
			isa = PBXTargetDependency;
			target = E2B4F42C19F4B6C500CD37C8 /* Postcard 2 */;
			targetProxy = E2B4F44319F4B6C500CD37C8 /* PBXContainerItemProxy */;
		};
/* End PBXTargetDependency section */

/* Begin PBXVariantGroup section */
		E2B4F43619F4B6C500CD37C8 /* Main.storyboard */ = {
			isa = PBXVariantGroup;
			children = (
				E2B4F43719F4B6C500CD37C8 /* Base */,
			);
			name = Main.storyboard;
			sourceTree = "<group>";
		};
		E2B4F43B19F4B6C500CD37C8 /* LaunchScreen.xib */ = {
			isa = PBXVariantGroup;
			children = (
				E2B4F43C19F4B6C500CD37C8 /* Base */,
			);
			name = LaunchScreen.xib;
			sourceTree = "<group>";
		};
/* End PBXVariantGroup section */

/* Begin XCBuildConfiguration section */
		E2B4F44A19F4B6C500CD37C8 /* Debug */ = {
			isa = XCBuildConfiguration;
			buildSettings = {
				ALWAYS_SEARCH_USER_PATHS = NO;
				CLANG_CXX_LANGUAGE_STANDARD = "gnu++0x";
				CLANG_CXX_LIBRARY = "libc++";
				CLANG_ENABLE_MODULES = YES;
				CLANG_ENABLE_OBJC_ARC = YES;
				CLANG_WARN_BOOL_CONVERSION = YES;
				CLANG_WARN_CONSTANT_CONVERSION = YES;
				CLANG_WARN_DIRECT_OBJC_ISA_USAGE = YES_ERROR;
				CLANG_WARN_EMPTY_BODY = YES;
				CLANG_WARN_ENUM_CONVERSION = YES;
				CLANG_WARN_INT_CONVERSION = YES;
				CLANG_WARN_OBJC_ROOT_CLASS = YES_ERROR;
				CLANG_WARN_UNREACHABLE_CODE = YES;
				CLANG_WARN__DUPLICATE_METHOD_MATCH = YES;
				"CODE_SIGN_IDENTITY[sdk=iphoneos*]" = "iPhone Developer";
				COPY_PHASE_STRIP = NO;
				ENABLE_STRICT_OBJC_MSGSEND = YES;
				GCC_C_LANGUAGE_STANDARD = gnu99;
				GCC_DYNAMIC_NO_PIC = NO;
				GCC_OPTIMIZATION_LEVEL = 0;
				GCC_PREPROCESSOR_DEFINITIONS = (
					"DEBUG=1",
					"$(inherited)",
				);
				GCC_SYMBOLS_PRIVATE_EXTERN = NO;
				GCC_WARN_64_TO_32_BIT_CONVERSION = YES;
				GCC_WARN_ABOUT_RETURN_TYPE = YES_ERROR;
				GCC_WARN_UNDECLARED_SELECTOR = YES;
				GCC_WARN_UNINITIALIZED_AUTOS = YES_AGGRESSIVE;
				GCC_WARN_UNUSED_FUNCTION = YES;
				GCC_WARN_UNUSED_VARIABLE = YES;
				IPHONEOS_DEPLOYMENT_TARGET = 8.0;
				MTL_ENABLE_DEBUG_INFO = YES;
				ONLY_ACTIVE_ARCH = YES;
				SDKROOT = iphoneos;
				SWIFT_OPTIMIZATION_LEVEL = "-Onone";
			};
			name = Debug;
		};
		E2B4F44B19F4B6C500CD37C8 /* Release */ = {
			isa = XCBuildConfiguration;
			buildSettings = {
				ALWAYS_SEARCH_USER_PATHS = NO;
				CLANG_CXX_LANGUAGE_STANDARD = "gnu++0x";
				CLANG_CXX_LIBRARY = "libc++";
				CLANG_ENABLE_MODULES = YES;
				CLANG_ENABLE_OBJC_ARC = YES;
				CLANG_WARN_BOOL_CONVERSION = YES;
				CLANG_WARN_CONSTANT_CONVERSION = YES;
				CLANG_WARN_DIRECT_OBJC_ISA_USAGE = YES_ERROR;
				CLANG_WARN_EMPTY_BODY = YES;
				CLANG_WARN_ENUM_CONVERSION = YES;
				CLANG_WARN_INT_CONVERSION = YES;
				CLANG_WARN_OBJC_ROOT_CLASS = YES_ERROR;
				CLANG_WARN_UNREACHABLE_CODE = YES;
				CLANG_WARN__DUPLICATE_METHOD_MATCH = YES;
				"CODE_SIGN_IDENTITY[sdk=iphoneos*]" = "iPhone Developer";
				COPY_PHASE_STRIP = YES;
				ENABLE_NS_ASSERTIONS = NO;
				ENABLE_STRICT_OBJC_MSGSEND = YES;
				GCC_C_LANGUAGE_STANDARD = gnu99;
				GCC_WARN_64_TO_32_BIT_CONVERSION = YES;
				GCC_WARN_ABOUT_RETURN_TYPE = YES_ERROR;
				GCC_WARN_UNDECLARED_SELECTOR = YES;
				GCC_WARN_UNINITIALIZED_AUTOS = YES_AGGRESSIVE;
				GCC_WARN_UNUSED_FUNCTION = YES;
				GCC_WARN_UNUSED_VARIABLE = YES;
				IPHONEOS_DEPLOYMENT_TARGET = 8.0;
				MTL_ENABLE_DEBUG_INFO = NO;
				SDKROOT = iphoneos;
				VALIDATE_PRODUCT = YES;
			};
			name = Release;
		};
		E2B4F44D19F4B6C500CD37C8 /* Debug */ = {
			isa = XCBuildConfiguration;
			buildSettings = {
				ASSETCATALOG_COMPILER_APPICON_NAME = AppIcon;
				INFOPLIST_FILE = "Postcard 2/Info.plist";
				LD_RUNPATH_SEARCH_PATHS = "$(inherited) @executable_path/Frameworks";
				PRODUCT_NAME = "$(TARGET_NAME)";
			};
			name = Debug;
		};
		E2B4F44E19F4B6C500CD37C8 /* Release */ = {
			isa = XCBuildConfiguration;
			buildSettings = {
				ASSETCATALOG_COMPILER_APPICON_NAME = AppIcon;
				INFOPLIST_FILE = "Postcard 2/Info.plist";
				LD_RUNPATH_SEARCH_PATHS = "$(inherited) @executable_path/Frameworks";
				PRODUCT_NAME = "$(TARGET_NAME)";
			};
			name = Release;
		};
		E2B4F45019F4B6C500CD37C8 /* Debug */ = {
			isa = XCBuildConfiguration;
			buildSettings = {
				BUNDLE_LOADER = "$(TEST_HOST)";
				FRAMEWORK_SEARCH_PATHS = (
					"$(SDKROOT)/Developer/Library/Frameworks",
					"$(inherited)",
				);
				GCC_PREPROCESSOR_DEFINITIONS = (
					"DEBUG=1",
					"$(inherited)",
				);
				INFOPLIST_FILE = "Postcard 2Tests/Info.plist";
				LD_RUNPATH_SEARCH_PATHS = "$(inherited) @executable_path/Frameworks @loader_path/Frameworks";
				PRODUCT_NAME = "$(TARGET_NAME)";
				TEST_HOST = "$(BUILT_PRODUCTS_DIR)/Postcard 2.app/Postcard 2";
			};
			name = Debug;
		};
		E2B4F45119F4B6C500CD37C8 /* Release */ = {
			isa = XCBuildConfiguration;
			buildSettings = {
				BUNDLE_LOADER = "$(TEST_HOST)";
				FRAMEWORK_SEARCH_PATHS = (
					"$(SDKROOT)/Developer/Library/Frameworks",
					"$(inherited)",
				);
				INFOPLIST_FILE = "Postcard 2Tests/Info.plist";
				LD_RUNPATH_SEARCH_PATHS = "$(inherited) @executable_path/Frameworks @loader_path/Frameworks";
				PRODUCT_NAME = "$(TARGET_NAME)";
				TEST_HOST = "$(BUILT_PRODUCTS_DIR)/Postcard 2.app/Postcard 2";
			};
			name = Release;
		};
/* End XCBuildConfiguration section */

/* Begin XCConfigurationList section */
		E2B4F42819F4B6C500CD37C8 /* Build configuration list for PBXProject "Postcard 2" */ = {
			isa = XCConfigurationList;
			buildConfigurations = (
				E2B4F44A19F4B6C500CD37C8 /* Debug */,
				E2B4F44B19F4B6C500CD37C8 /* Release */,
			);
			defaultConfigurationIsVisible = 0;
			defaultConfigurationName = Release;
		};
		E2B4F44C19F4B6C500CD37C8 /* Build configuration list for PBXNativeTarget "Postcard 2" */ = {
			isa = XCConfigurationList;
			buildConfigurations = (
				E2B4F44D19F4B6C500CD37C8 /* Debug */,
				E2B4F44E19F4B6C500CD37C8 /* Release */,
			);
			defaultConfigurationIsVisible = 0;
		};
		E2B4F44F19F4B6C500CD37C8 /* Build configuration list for PBXNativeTarget "Postcard 2Tests" */ = {
			isa = XCConfigurationList;
			buildConfigurations = (
				E2B4F45019F4B6C500CD37C8 /* Debug */,
				E2B4F45119F4B6C500CD37C8 /* Release */,
			);
			defaultConfigurationIsVisible = 0;
		};
/* End XCConfigurationList section */
	};
	rootObject = E2B4F42519F4B6C500CD37C8 /* Project object */;
}
